// !$*UTF8*$!
{
	archiveVersion = 1;
	classes = {
	};
	objectVersion = 50;
	objects = {

/* Begin PBXBuildFile section */
		2550128F20E0CAFB002D624D /* Rules.swift in Sources */ = {isa = PBXBuildFile; fileRef = 2550128E20E0CAFB002D624D /* Rules.swift */; };
		2550129120E0CB03002D624D /* DeathRules.swift in Sources */ = {isa = PBXBuildFile; fileRef = 2550129020E0CB03002D624D /* DeathRules.swift */; };
		2550129320E0CB0B002D624D /* LifeRules.swift in Sources */ = {isa = PBXBuildFile; fileRef = 2550129220E0CB0B002D624D /* LifeRules.swift */; };
		2550129520E0D0C1002D624D /* NeighborsBuilder.swift in Sources */ = {isa = PBXBuildFile; fileRef = 2550129420E0D0C1002D624D /* NeighborsBuilder.swift */; };
		259849E520DF8EAC0010A4E3 /* main.swift in Sources */ = {isa = PBXBuildFile; fileRef = 259849E420DF8EAC0010A4E3 /* main.swift */; };
		259849EC20DF8EBE0010A4E3 /* Cell.swift in Sources */ = {isa = PBXBuildFile; fileRef = 259849EB20DF8EBE0010A4E3 /* Cell.swift */; };
		259849EE20DF8EC90010A4E3 /* Board.swift in Sources */ = {isa = PBXBuildFile; fileRef = 259849ED20DF8EC90010A4E3 /* Board.swift */; };
/* End PBXBuildFile section */

/* Begin PBXCopyFilesBuildPhase section */
		259849DF20DF8EAC0010A4E3 /* CopyFiles */ = {
			isa = PBXCopyFilesBuildPhase;
			buildActionMask = 2147483647;
			dstPath = /usr/share/man/man1/;
			dstSubfolderSpec = 0;
			files = (
			);
			runOnlyForDeploymentPostprocessing = 1;
		};
/* End PBXCopyFilesBuildPhase section */

/* Begin PBXFileReference section */
		2550128E20E0CAFB002D624D /* Rules.swift */ = {isa = PBXFileReference; lastKnownFileType = sourcecode.swift; path = Rules.swift; sourceTree = "<group>"; };
		2550129020E0CB03002D624D /* DeathRules.swift */ = {isa = PBXFileReference; lastKnownFileType = sourcecode.swift; path = DeathRules.swift; sourceTree = "<group>"; };
		2550129220E0CB0B002D624D /* LifeRules.swift */ = {isa = PBXFileReference; lastKnownFileType = sourcecode.swift; path = LifeRules.swift; sourceTree = "<group>"; };
		2550129420E0D0C1002D624D /* NeighborsBuilder.swift */ = {isa = PBXFileReference; lastKnownFileType = sourcecode.swift; path = NeighborsBuilder.swift; sourceTree = "<group>"; };
		259849E120DF8EAC0010A4E3 /* GameOfLife */ = {isa = PBXFileReference; explicitFileType = "compiled.mach-o.executable"; includeInIndex = 0; path = GameOfLife; sourceTree = BUILT_PRODUCTS_DIR; };
		259849E420DF8EAC0010A4E3 /* main.swift */ = {isa = PBXFileReference; lastKnownFileType = sourcecode.swift; path = main.swift; sourceTree = "<group>"; };
		259849EB20DF8EBE0010A4E3 /* Cell.swift */ = {isa = PBXFileReference; lastKnownFileType = sourcecode.swift; path = Cell.swift; sourceTree = "<group>"; };
		259849ED20DF8EC90010A4E3 /* Board.swift */ = {isa = PBXFileReference; lastKnownFileType = sourcecode.swift; path = Board.swift; sourceTree = "<group>"; };
/* End PBXFileReference section */

/* Begin PBXFrameworksBuildPhase section */
		259849DE20DF8EAC0010A4E3 /* Frameworks */ = {
			isa = PBXFrameworksBuildPhase;
			buildActionMask = 2147483647;
			files = (
			);
			runOnlyForDeploymentPostprocessing = 0;
		};
/* End PBXFrameworksBuildPhase section */

/* Begin PBXGroup section */
		259849D820DF8EAC0010A4E3 = {
			isa = PBXGroup;
			children = (
				259849E320DF8EAC0010A4E3 /* GameOfLife */,
				259849E220DF8EAC0010A4E3 /* Products */,
			);
			sourceTree = "<group>";
		};
		259849E220DF8EAC0010A4E3 /* Products */ = {
			isa = PBXGroup;
			children = (
				259849E120DF8EAC0010A4E3 /* GameOfLife */,
			);
			name = Products;
			sourceTree = "<group>";
		};
		259849E320DF8EAC0010A4E3 /* GameOfLife */ = {
			isa = PBXGroup;
			children = (
				259849E420DF8EAC0010A4E3 /* main.swift */,
				259849EB20DF8EBE0010A4E3 /* Cell.swift */,
				259849ED20DF8EC90010A4E3 /* Board.swift */,
				2550128E20E0CAFB002D624D /* Rules.swift */,
				2550129020E0CB03002D624D /* DeathRules.swift */,
				2550129220E0CB0B002D624D /* LifeRules.swift */,
				2550129420E0D0C1002D624D /* NeighborsBuilder.swift */,
			);
			path = GameOfLife;
			sourceTree = "<group>";
		};
/* End PBXGroup section */

/* Begin PBXNativeTarget section */
		259849E020DF8EAC0010A4E3 /* GameOfLife */ = {
			isa = PBXNativeTarget;
			buildConfigurationList = 259849E820DF8EAC0010A4E3 /* Build configuration list for PBXNativeTarget "GameOfLife" */;
			buildPhases = (
				259849DD20DF8EAC0010A4E3 /* Sources */,
				259849DE20DF8EAC0010A4E3 /* Frameworks */,
				259849DF20DF8EAC0010A4E3 /* CopyFiles */,
			);
			buildRules = (
			);
			dependencies = (
			);
			name = GameOfLife;
			productName = GameOfLife;
			productReference = 259849E120DF8EAC0010A4E3 /* GameOfLife */;
			productType = "com.apple.product-type.tool";
		};
/* End PBXNativeTarget section */

/* Begin PBXProject section */
		259849D920DF8EAC0010A4E3 /* Project object */ = {
			isa = PBXProject;
			attributes = {
				LastSwiftUpdateCheck = 0940;
				LastUpgradeCheck = 0940;
				ORGANIZATIONNAME = "Matthew cai";
				TargetAttributes = {
					259849E020DF8EAC0010A4E3 = {
						CreatedOnToolsVersion = 9.4.1;
					};
				};
			};
			buildConfigurationList = 259849DC20DF8EAC0010A4E3 /* Build configuration list for PBXProject "GameOfLife" */;
			compatibilityVersion = "Xcode 9.3";
			developmentRegion = en;
			hasScannedForEncodings = 0;
			knownRegions = (
				en,
			);
			mainGroup = 259849D820DF8EAC0010A4E3;
			productRefGroup = 259849E220DF8EAC0010A4E3 /* Products */;
			projectDirPath = "";
			projectRoot = "";
			targets = (
				259849E020DF8EAC0010A4E3 /* GameOfLife */,
			);
		};
/* End PBXProject section */

/* Begin PBXSourcesBuildPhase section */
		259849DD20DF8EAC0010A4E3 /* Sources */ = {
			isa = PBXSourcesBuildPhase;
			buildActionMask = 2147483647;
			files = (
				259849E520DF8EAC0010A4E3 /* main.swift in Sources */,
				2550128F20E0CAFB002D624D /* Rules.swift in Sources */,
				259849EC20DF8EBE0010A4E3 /* Cell.swift in Sources */,
				259849EE20DF8EC90010A4E3 /* Board.swift in Sources */,
				2550129120E0CB03002D624D /* DeathRules.swift in Sources */,
				2550129520E0D0C1002D624D /* NeighborsBuilder.swift in Sources */,
				2550129320E0CB0B002D624D /* LifeRules.swift in Sources */,
			);
			runOnlyForDeploymentPostprocessing = 0;
		};
/* End PBXSourcesBuildPhase section */

/* Begin XCBuildConfiguration section */
		259849E620DF8EAC0010A4E3 /* Debug */ = {
			isa = XCBuildConfiguration;
			buildSettings = {
				ALWAYS_SEARCH_USER_PATHS = NO;
				CLANG_ANALYZER_NONNULL = YES;
				CLANG_ANALYZER_NUMBER_OBJECT_CONVERSION = YES_AGGRESSIVE;
				CLANG_CXX_LANGUAGE_STANDARD = "gnu++14";
				CLANG_CXX_LIBRARY = "libc++";
				CLANG_ENABLE_MODULES = YES;
				CLANG_ENABLE_OBJC_ARC = YES;
				CLANG_ENABLE_OBJC_WEAK = YES;
				CLANG_WARN_BLOCK_CAPTURE_AUTORELEASING = YES;
				CLANG_WARN_BOOL_CONVERSION = YES;
				CLANG_WARN_COMMA = YES;
				CLANG_WARN_CONSTANT_CONVERSION = YES;
				CLANG_WARN_DEPRECATED_OBJC_IMPLEMENTATIONS = YES;
				CLANG_WARN_DIRECT_OBJC_ISA_USAGE = YES_ERROR;
				CLANG_WARN_DOCUMENTATION_COMMENTS = YES;
				CLANG_WARN_EMPTY_BODY = YES;
				CLANG_WARN_ENUM_CONVERSION = YES;
				CLANG_WARN_INFINITE_RECURSION = YES;
				CLANG_WARN_INT_CONVERSION = YES;
				CLANG_WARN_NON_LITERAL_NULL_CONVERSION = YES;
				CLANG_WARN_OBJC_IMPLICIT_RETAIN_SELF = YES;
				CLANG_WARN_OBJC_LITERAL_CONVERSION = YES;
				CLANG_WARN_OBJC_ROOT_CLASS = YES_ERROR;
				CLANG_WARN_RANGE_LOOP_ANALYSIS = YES;
				CLANG_WARN_STRICT_PROTOTYPES = YES;
				CLANG_WARN_SUSPICIOUS_MOVE = YES;
				CLANG_WARN_UNGUARDED_AVAILABILITY = YES_AGGRESSIVE;
				CLANG_WARN_UNREACHABLE_CODE = YES;
				CLANG_WARN__DUPLICATE_METHOD_MATCH = YES;
				CODE_SIGN_IDENTITY = "Mac Developer";
				COPY_PHASE_STRIP = NO;
				DEBUG_INFORMATION_FORMAT = dwarf;
				ENABLE_STRICT_OBJC_MSGSEND = YES;
				ENABLE_TESTABILITY = YES;
				GCC_C_LANGUAGE_STANDARD = gnu11;
				GCC_DYNAMIC_NO_PIC = NO;
				GCC_NO_COMMON_BLOCKS = YES;
				GCC_OPTIMIZATION_LEVEL = 0;
				GCC_PREPROCESSOR_DEFINITIONS = (
					"DEBUG=1",
					"$(inherited)",
				);
				GCC_WARN_64_TO_32_BIT_CONVERSION = YES;
				GCC_WARN_ABOUT_RETURN_TYPE = YES_ERROR;
				GCC_WARN_UNDECLARED_SELECTOR = YES;
				GCC_WARN_UNINITIALIZED_AUTOS = YES_AGGRESSIVE;
				GCC_WARN_UNUSED_FUNCTION = YES;
				GCC_WARN_UNUSED_VARIABLE = YES;
				MACOSX_DEPLOYMENT_TARGET = 10.13;
				MTL_ENABLE_DEBUG_INFO = YES;
				ONLY_ACTIVE_ARCH = YES;
				SDKROOT = macosx;
				SWIFT_ACTIVE_COMPILATION_CONDITIONS = DEBUG;
				SWIFT_OPTIMIZATION_LEVEL = "-Onone";
			};
			name = Debug;
		};
		259849E720DF8EAC0010A4E3 /* Release */ = {
			isa = XCBuildConfiguration;
			buildSettings = {
				ALWAYS_SEARCH_USER_PATHS = NO;
				CLANG_ANALYZER_NONNULL = YES;
				CLANG_ANALYZER_NUMBER_OBJECT_CONVERSION = YES_AGGRESSIVE;
				CLANG_CXX_LANGUAGE_STANDARD = "gnu++14";
				CLANG_CXX_LIBRARY = "libc++";
				CLANG_ENABLE_MODULES = YES;
				CLANG_ENABLE_OBJC_ARC = YES;
				CLANG_ENABLE_OBJC_WEAK = YES;
				CLANG_WARN_BLOCK_CAPTURE_AUTORELEASING = YES;
				CLANG_WARN_BOOL_CONVERSION = YES;
				CLANG_WARN_COMMA = YES;
				CLANG_WARN_CONSTANT_CONVERSION = YES;
				CLANG_WARN_DEPRECATED_OBJC_IMPLEMENTATIONS = YES;
				CLANG_WARN_DIRECT_OBJC_ISA_USAGE = YES_ERROR;
				CLANG_WARN_DOCUMENTATION_COMMENTS = YES;
				CLANG_WARN_EMPTY_BODY = YES;
				CLANG_WARN_ENUM_CONVERSION = YES;
				CLANG_WARN_INFINITE_RECURSION = YES;
				CLANG_WARN_INT_CONVERSION = YES;
				CLANG_WARN_NON_LITERAL_NULL_CONVERSION = YES;
				CLANG_WARN_OBJC_IMPLICIT_RETAIN_SELF = YES;
				CLANG_WARN_OBJC_LITERAL_CONVERSION = YES;
				CLANG_WARN_OBJC_ROOT_CLASS = YES_ERROR;
				CLANG_WARN_RANGE_LOOP_ANALYSIS = YES;
				CLANG_WARN_STRICT_PROTOTYPES = YES;
				CLANG_WARN_SUSPICIOUS_MOVE = YES;
				CLANG_WARN_UNGUARDED_AVAILABILITY = YES_AGGRESSIVE;
				CLANG_WARN_UNREACHABLE_CODE = YES;
				CLANG_WARN__DUPLICATE_METHOD_MATCH = YES;
				CODE_SIGN_IDENTITY = "Mac Developer";
				COPY_PHASE_STRIP = NO;
				DEBUG_INFORMATION_FORMAT = "dwarf-with-dsym";
				ENABLE_NS_ASSERTIONS = NO;
				ENABLE_STRICT_OBJC_MSGSEND = YES;
				GCC_C_LANGUAGE_STANDARD = gnu11;
				GCC_NO_COMMON_BLOCKS = YES;
				GCC_WARN_64_TO_32_BIT_CONVERSION = YES;
				GCC_WARN_ABOUT_RETURN_TYPE = YES_ERROR;
				GCC_WARN_UNDECLARED_SELECTOR = YES;
				GCC_WARN_UNINITIALIZED_AUTOS = YES_AGGRESSIVE;
				GCC_WARN_UNUSED_FUNCTION = YES;
				GCC_WARN_UNUSED_VARIABLE = YES;
				MACOSX_DEPLOYMENT_TARGET = 10.13;
				MTL_ENABLE_DEBUG_INFO = NO;
				SDKROOT = macosx;
				SWIFT_COMPILATION_MODE = wholemodule;
				SWIFT_OPTIMIZATION_LEVEL = "-O";
			};
			name = Release;
		};
		259849E920DF8EAC0010A4E3 /* Debug */ = {
			isa = XCBuildConfiguration;
			buildSettings = {
				CODE_SIGN_STYLE = Automatic;
				DEVELOPMENT_TEAM = PGGVS967BV;
				PRODUCT_NAME = "$(TARGET_NAME)";
				SWIFT_VERSION = 4.0;
			};
			name = Debug;
		};
		259849EA20DF8EAC0010A4E3 /* Release */ = {
			isa = XCBuildConfiguration;
			buildSettings = {
				CODE_SIGN_STYLE = Automatic;
				DEVELOPMENT_TEAM = PGGVS967BV;
				PRODUCT_NAME = "$(TARGET_NAME)";
				SWIFT_VERSION = 4.0;
			};
			name = Release;
		};
/* End XCBuildConfiguration section */

/* Begin XCConfigurationList section */
		259849DC20DF8EAC0010A4E3 /* Build configuration list for PBXProject "GameOfLife" */ = {
			isa = XCConfigurationList;
			buildConfigurations = (
				259849E620DF8EAC0010A4E3 /* Debug */,
				259849E720DF8EAC0010A4E3 /* Release */,
			);
			defaultConfigurationIsVisible = 0;
			defaultConfigurationName = Release;
		};
		259849E820DF8EAC0010A4E3 /* Build configuration list for PBXNativeTarget "GameOfLife" */ = {
			isa = XCConfigurationList;
			buildConfigurations = (
				259849E920DF8EAC0010A4E3 /* Debug */,
				259849EA20DF8EAC0010A4E3 /* Release */,
			);
			defaultConfigurationIsVisible = 0;
			defaultConfigurationName = Release;
		};
/* End XCConfigurationList section */
	};
	rootObject = 259849D920DF8EAC0010A4E3 /* Project object */;
}
